github.com/fxamacker/cbor/v2 v2.9.0 h1:NpKPmjDBgUfBms6tr6JZkTHtfFGcMKsw3eGcmD/sapM=
github.com/fxamacker/cbor/v2 v2.9.0/go.mod h1:vM4b+DJCtHn+zz7h3FFp/hDAI9WNWCsZj23V5ytsSxQ=
github.com/han0110/skunkworks-tama v0.0.0-20260317122225-91096817c56b h1:ACOvMjhTOfbtMZJ4mOVQKAm7wTaRNMH+RG6uP8fLZrQ=
github.com/han0110/skunkworks-tama v0.0.0-20260317122225-91096817c56b/go.mod h1:M9fXNuyicUdFmj5nBlXRTNcUbJIDLMMs4eY1QoZHM3g=
github.com/usbarmory/tamago v0.0.0-20250710154000-3dd21eabac74 h1:zH22Y68S2cpwW278H+9v4r2SWpdP+JwUk/AwVc9LOlw=
github.com/usbarmory/tamago v0.0.0-20250710154000-3dd21eabac74/go.mod h1:0Bc0GnC88LvCAoCRUcd3DBFl7cribfVbCsiMJUbXyAE=
github.com/x448/float16 v0.8.4 h1:qLwI1I70+NjRFUR3zs1JPUCgaCXSh3SW62uAKT1mSBM=
github.com/x448/float16 v0.8.4/go.mod h1:14CWIYCyZA/cWjXOioeEpHeN/83MdbZDRQHoFcYsOfg=
